<?xml version="1.0" encoding="utf-8"?>
<Project ToolsVersion="4.0" xmlns="http://schemas.microsoft.com/developer/msbuild/2003">
  <ItemGroup>
    <Filter Include="Source Files">
      <UniqueIdentifier>{4FC737F1-C7A5-4376-A066-2A32D752A2FF}</UniqueIdentifier>
      <Extensions>cpp;c;cc;cxx;def;odl;idl;hpj;bat;asm;asmx</Extensions>
    </Filter>
    <Filter Include="Header Files">
      <UniqueIdentifier>{93995380-89BD-4b04-88EB-625FBE52EBFB}</UniqueIdentifier>
      <Extensions>h;hh;hpp;hxx;hm;inl;inc;xsd</Extensions>
    </Filter>
    <Filter Include="Resource Files">
      <UniqueIdentifier>{67DA6AB6-F800-4c08-8B7A-83BB121AAD01}</UniqueIdentifier>
      <Extensions>rc;ico;cur;bmp;dlg;rc2;rct;bin;rgs;gif;jpg;jpeg;jpe;resx;tiff;tif;png;wav;mfcribbon-ms</Extensions>
    </Filter>
  </ItemGroup>
  <ItemGroup>
    <ClCompile Include="main.cpp">
      <Filter>Source Files</Filter>
    </ClCompile>
    <ClCompile Include="GUI\Display.cpp">
      <Filter>Source Files</Filter>
    </ClCompile>
    <ClCompile Include="Utils\Patterns\Observable.cpp">
      <Filter>Source Files</Filter>
    </ClCompile>
    <ClCompile Include="Utils\Patterns\Observer.cpp">
      <Filter>Source Files</Filter>
    </ClCompile>
    <ClCompile Include="Utils\Error.cpp">
      <Filter>Source Files</Filter>
    </ClCompile>
    <ClCompile Include="GLAbstractions\IndexBuffer.cpp">
      <Filter>Source Files</Filter>
    </ClCompile>
    <ClCompile Include="GLAbstractions\UniformBuffer.cpp">
      <Filter>Source Files</Filter>
    </ClCompile>
    <ClCompile Include="GLAbstractions\VertexArray.cpp">
      <Filter>Source Files</Filter>
    </ClCompile>
    <ClCompile Include="GLAbstractions\VertexBuffer.cpp">
      <Filter>Source Files</Filter>
    </ClCompile>
    <ClCompile Include="Maths\Matrices\Mat2.cpp">
      <Filter>Source Files</Filter>
    </ClCompile>
    <ClCompile Include="Maths\Matrices\Mat3.cpp">
      <Filter>Source Files</Filter>
    </ClCompile>
    <ClCompile Include="Maths\Matrices\Mat4.cpp">
      <Filter>Source Files</Filter>
    </ClCompile>
    <ClCompile Include="Maths\Vectors\Vec2.cpp">
      <Filter>Source Files</Filter>
    </ClCompile>
    <ClCompile Include="Maths\Vectors\Vec3.cpp">
      <Filter>Source Files</Filter>
    </ClCompile>
    <ClCompile Include="Maths\Vectors\Vec4.cpp">
      <Filter>Source Files</Filter>
    </ClCompile>
    <ClCompile Include="Maths\Maths.cpp">
      <Filter>Source Files</Filter>
    </ClCompile>
    <ClCompile Include="Maths\MathsTransform.cpp">
      <Filter>Source Files</Filter>
    </ClCompile>
    <ClCompile Include="Shaders\Shader.cpp">
      <Filter>Source Files</Filter>
    </ClCompile>
    <ClCompile Include="Utils\Timer.cpp">
      <Filter>Source Files</Filter>
    </ClCompile>
  </ItemGroup>
  <ItemGroup>
    <ClInclude Include="GUI\Display.h">
      <Filter>Header Files</Filter>
    </ClInclude>
    <ClInclude Include="Utils\Patterns\Observer.h">
      <Filter>Header Files</Filter>
    </ClInclude>
    <ClInclude Include="Utils\Patterns\Observable.h">
      <Filter>Header Files</Filter>
    </ClInclude>
    <ClInclude Include="Utils\Error.h">
      <Filter>Header Files</Filter>
    </ClInclude>
    <ClInclude Include="GUI\DisplayConfig.h">
      <Filter>Header Files</Filter>
    </ClInclude>
    <ClInclude Include="GLAbstractions\IndexBuffer.h">
      <Filter>Header Files</Filter>
    </ClInclude>
    <ClInclude Include="GLAbstractions\UniformBuffer.h">
      <Filter>Header Files</Filter>
    </ClInclude>
    <ClInclude Include="GLAbstractions\VertexArray.h">
      <Filter>Header Files</Filter>
    </ClInclude>
    <ClInclude Include="GLAbstractions\VertexBuffer.h">
      <Filter>Header Files</Filter>
    </ClInclude>
    <ClInclude Include="GLAbstractions\VertexBufferLayout.h">
      <Filter>Header Files</Filter>
    </ClInclude>
    <ClInclude Include="Maths\Matrices\Mat2.h">
      <Filter>Header Files</Filter>
    </ClInclude>
    <ClInclude Include="Maths\Matrices\Mat3.h">
      <Filter>Header Files</Filter>
    </ClInclude>
    <ClInclude Include="Maths\Matrices\Mat4.h">
      <Filter>Header Files</Filter>
    </ClInclude>
    <ClInclude Include="Maths\Vectors\Vec2.h">
      <Filter>Header Files</Filter>
    </ClInclude>
    <ClInclude Include="Maths\Vectors\Vec3.h">
      <Filter>Header Files</Filter>
    </ClInclude>
    <ClInclude Include="Maths\Vectors\Vec4.h">
      <Filter>Header Files</Filter>
    </ClInclude>
    <ClInclude Include="Maths\Maths.h">
      <Filter>Header Files</Filter>
    </ClInclude>
    <ClInclude Include="Maths\MathsConstants.h">
      <Filter>Header Files</Filter>
    </ClInclude>
    <ClInclude Include="Maths\MathsTransform.h">
      <Filter>Header Files</Filter>
    </ClInclude>
    <ClInclude Include="Shaders\Shader.h">
      <Filter>Header Files</Filter>
    </ClInclude>
    <ClInclude Include="Shaders\ShaderConfig.h">
      <Filter>Header Files</Filter>
    </ClInclude>
    <ClInclude Include="Utils\Timer.h">
      <Filter>Header Files</Filter>
    </ClInclude>
    <ClInclude Include="Utils\Utils.h">
      <Filter>Header Files</Filter>
    </ClInclude>
  </ItemGroup>
</Project>