
Microsoft Visual Studio Solution File, Format Version 12.00
# Visual Studio 15
VisualStudioVersion = 15.0.27130.2036
MinimumVisualStudioVersion = 10.0.40219.1
Project("{8BC9CEB8-8B4A-11D0-8D11-00A0C91BC942}") = "Project T", "Project T\Project T.vcxproj", "{FF370FFD-CC6B-4607-BB8F-FB5FDCEF731F}"
EndProject
Global
	GlobalSection(SolutionConfigurationPlatforms) = preSolution
		Debug|x64 = Debug|x64
		Debug|x86 = Debug|x86
		Release|x64 = Release|x64
		Release|x86 = Release|x86
	EndGlobalSection
	GlobalSection(ProjectConfigurationPlatforms) = postSolution
		{FF370FFD-CC6B-4607-BB8F-FB5FDCEF731F}.Debug|x64.ActiveCfg = Debug|x64
		{FF370FFD-CC6B-4607-BB8F-FB5FDCEF731F}.Debug|x64.Build.0 = Debug|x64
		{FF370FFD-CC6B-4607-BB8F-FB5FDCEF731F}.Debug|x86.ActiveCfg = Debug|Win32
		{FF370FFD-CC6B-4607-BB8F-FB5FDCEF731F}.Debug|x86.Build.0 = Debug|Win32
		{FF370FFD-CC6B-4607-BB8F-FB5FDCEF731F}.Release|x64.ActiveCfg = Release|x64
		{FF370FFD-CC6B-4607-BB8F-FB5FDCEF731F}.Release|x64.Build.0 = Release|x64
		{FF370FFD-CC6B-4607-BB8F-FB5FDCEF731F}.Release|x86.ActiveCfg = Release|Win32
		{FF370FFD-CC6B-4607-BB8F-FB5FDCEF731F}.Release|x86.Build.0 = Release|Win32
	EndGlobalSection
	GlobalSection(SolutionProperties) = preSolution
		HideSolutionNode = FALSE
	EndGlobalSection
	GlobalSection(ExtensibilityGlobals) = postSolution
		SolutionGuid = {219749E9-E82D-4CE9-BDA2-C3E4CEBEB8E9}
	EndGlobalSection
EndGlobal
